
Microsoft Visual Studio Solution File, Format Version 12.00
# Visual Studio Version 16
VisualStudioVersion = 16.0.31624.102
MinimumVisualStudioVersion = 10.0.40219.1
Project("{FAE04EC0-301F-11D3-BF4B-00C04F79EFBC}") = "OktaSampleConnections", "OktaSampleConnections\OktaSampleConnections.csproj", "{A2B94310-DA70-4FB2-9334-57C1A264CAD0}"
EndProject
Global
	GlobalSection(SolutionConfigurationPlatforms) = preSolution
		Debug|Any CPU = Debug|Any CPU
		Release|Any CPU = Release|Any CPU
	EndGlobalSection
	GlobalSection(ProjectConfigurationPlatforms) = postSolution
		{A2B94310-DA70-4FB2-9334-57C1A264CAD0}.Debug|Any CPU.ActiveCfg = Debug|Any CPU
		{A2B94310-DA70-4FB2-9334-57C1A264CAD0}.Debug|Any CPU.Build.0 = Debug|Any CPU
		{A2B94310-DA70-4FB2-9334-57C1A264CAD0}.Release|Any CPU.ActiveCfg = Release|Any CPU
		{A2B94310-DA70-4FB2-9334-57C1A264CAD0}.Release|Any CPU.Build.0 = Release|Any CPU
	EndGlobalSection
	GlobalSection(SolutionProperties) = preSolution
		HideSolutionNode = FALSE
	EndGlobalSection
	GlobalSection(ExtensibilityGlobals) = postSolution
		SolutionGuid = {723CA95B-A0EC-4B7E-AE7D-ECFC1CA240C5}
	EndGlobalSection
EndGlobal
